
Microsoft Visual Studio Solution File, Format Version 12.00
# Visual Studio 15
VisualStudioVersion = 15.0.28307.489
MinimumVisualStudioVersion = 10.0.40219.1
Project("{FAE04EC0-301F-11D3-BF4B-00C04F79EFBC}") = "EWalletWeb", "EWalletWeb\EWalletWeb.csproj", "{5C79F0E7-6C2B-4359-BE3F-A029064CB5AA}"
EndProject
Project("{FAE04EC0-301F-11D3-BF4B-00C04F79EFBC}") = "DAL", "DAL\DAL.csproj", "{F0E40A04-8D61-4193-9265-2AD642991AE9}"
EndProject
Project("{FAE04EC0-301F-11D3-BF4B-00C04F79EFBC}") = "BLL", "BLL\BLL.csproj", "{1C6F0029-6B8F-4ACE-BEB4-2CDE957100AC}"
EndProject
Global
	GlobalSection(SolutionConfigurationPlatforms) = preSolution
		Debug|Any CPU = Debug|Any CPU
		Release|Any CPU = Release|Any CPU
	EndGlobalSection
	GlobalSection(ProjectConfigurationPlatforms) = postSolution
		{5C79F0E7-6C2B-4359-BE3F-A029064CB5AA}.Debug|Any CPU.ActiveCfg = Debug|Any CPU
		{5C79F0E7-6C2B-4359-BE3F-A029064CB5AA}.Debug|Any CPU.Build.0 = Debug|Any CPU
		{5C79F0E7-6C2B-4359-BE3F-A029064CB5AA}.Release|Any CPU.ActiveCfg = Release|Any CPU
		{5C79F0E7-6C2B-4359-BE3F-A029064CB5AA}.Release|Any CPU.Build.0 = Release|Any CPU
		{F0E40A04-8D61-4193-9265-2AD642991AE9}.Debug|Any CPU.ActiveCfg = Debug|Any CPU
		{F0E40A04-8D61-4193-9265-2AD642991AE9}.Debug|Any CPU.Build.0 = Debug|Any CPU
		{F0E40A04-8D61-4193-9265-2AD642991AE9}.Release|Any CPU.ActiveCfg = Release|Any CPU
		{F0E40A04-8D61-4193-9265-2AD642991AE9}.Release|Any CPU.Build.0 = Release|Any CPU
		{1C6F0029-6B8F-4ACE-BEB4-2CDE957100AC}.Debug|Any CPU.ActiveCfg = Debug|Any CPU
		{1C6F0029-6B8F-4ACE-BEB4-2CDE957100AC}.Debug|Any CPU.Build.0 = Debug|Any CPU
		{1C6F0029-6B8F-4ACE-BEB4-2CDE957100AC}.Release|Any CPU.ActiveCfg = Release|Any CPU
		{1C6F0029-6B8F-4ACE-BEB4-2CDE957100AC}.Release|Any CPU.Build.0 = Release|Any CPU
	EndGlobalSection
	GlobalSection(SolutionProperties) = preSolution
		HideSolutionNode = FALSE
	EndGlobalSection
	GlobalSection(ExtensibilityGlobals) = postSolution
		SolutionGuid = {F0026413-418A-4F5B-91FE-6949BAC7593A}
	EndGlobalSection
EndGlobal
